// !$*UTF8*$!
{
	archiveVersion = 1;
	classes = {
	};
	objectVersion = 50;
	objects = {

/* Begin PBXBuildFile section */
		034E1D6F23C5548E00C5D908 /* View.swift in Sources */ = {isa = PBXBuildFile; fileRef = 034E1D6E23C5548E00C5D908 /* View.swift */; };
		0354C5E123C658CB00D25A54 /* LaunchScreen.storyboard in Resources */ = {isa = PBXBuildFile; fileRef = 0354C5E023C658CB00D25A54 /* LaunchScreen.storyboard */; };
		0390075123C3B1CB0013FC17 /* AppDelegate.swift in Sources */ = {isa = PBXBuildFile; fileRef = 0390075023C3B1CB0013FC17 /* AppDelegate.swift */; };
		0390075323C3B1CB0013FC17 /* SceneDelegate.swift in Sources */ = {isa = PBXBuildFile; fileRef = 0390075223C3B1CB0013FC17 /* SceneDelegate.swift */; };
		0390075523C3B1CB0013FC17 /* ViewController.swift in Sources */ = {isa = PBXBuildFile; fileRef = 0390075423C3B1CB0013FC17 /* ViewController.swift */; };
		0390075A23C3B1CB0013FC17 /* Assets.xcassets in Resources */ = {isa = PBXBuildFile; fileRef = 0390075923C3B1CB0013FC17 /* Assets.xcassets */; };
		0390076523C506B80013FC17 /* UIView Autolayout.swift in Sources */ = {isa = PBXBuildFile; fileRef = 0390076423C506B80013FC17 /* UIView Autolayout.swift */; };
/* End PBXBuildFile section */

/* Begin PBXFileReference section */
		034E1D6E23C5548E00C5D908 /* View.swift */ = {isa = PBXFileReference; lastKnownFileType = sourcecode.swift; path = View.swift; sourceTree = "<group>"; };
		0354C5E023C658CB00D25A54 /* LaunchScreen.storyboard */ = {isa = PBXFileReference; lastKnownFileType = file.storyboard; path = LaunchScreen.storyboard; sourceTree = "<group>"; };
		0390074D23C3B1CB0013FC17 /* Bull's Eye.app */ = {isa = PBXFileReference; explicitFileType = wrapper.application; includeInIndex = 0; path = "Bull's Eye.app"; sourceTree = BUILT_PRODUCTS_DIR; };
		0390075023C3B1CB0013FC17 /* AppDelegate.swift */ = {isa = PBXFileReference; lastKnownFileType = sourcecode.swift; path = AppDelegate.swift; sourceTree = "<group>"; };
		0390075223C3B1CB0013FC17 /* SceneDelegate.swift */ = {isa = PBXFileReference; lastKnownFileType = sourcecode.swift; path = SceneDelegate.swift; sourceTree = "<group>"; };
		0390075423C3B1CB0013FC17 /* ViewController.swift */ = {isa = PBXFileReference; lastKnownFileType = sourcecode.swift; path = ViewController.swift; sourceTree = "<group>"; };
		0390075923C3B1CB0013FC17 /* Assets.xcassets */ = {isa = PBXFileReference; lastKnownFileType = folder.assetcatalog; path = Assets.xcassets; sourceTree = "<group>"; };
		0390075E23C3B1CB0013FC17 /* Info.plist */ = {isa = PBXFileReference; lastKnownFileType = text.plist.xml; path = Info.plist; sourceTree = "<group>"; };
		0390076423C506B80013FC17 /* UIView Autolayout.swift */ = {isa = PBXFileReference; lastKnownFileType = sourcecode.swift; path = "UIView Autolayout.swift"; sourceTree = "<group>"; };
/* End PBXFileReference section */

/* Begin PBXFrameworksBuildPhase section */
		0390074A23C3B1CB0013FC17 /* Frameworks */ = {
			isa = PBXFrameworksBuildPhase;
			buildActionMask = 2147483647;
			files = (
			);
			runOnlyForDeploymentPostprocessing = 0;
		};
/* End PBXFrameworksBuildPhase section */

/* Begin PBXGroup section */
		0390074423C3B1CB0013FC17 = {
			isa = PBXGroup;
			children = (
				0390074F23C3B1CB0013FC17 /* BullsEyeUIKit */,
				0390074E23C3B1CB0013FC17 /* Products */,
			);
			sourceTree = "<group>";
		};
		0390074E23C3B1CB0013FC17 /* Products */ = {
			isa = PBXGroup;
			children = (
				0390074D23C3B1CB0013FC17 /* Bull's Eye.app */,
			);
			name = Products;
			sourceTree = "<group>";
		};
		0390074F23C3B1CB0013FC17 /* BullsEyeUIKit */ = {
			isa = PBXGroup;
			children = (
				0390075023C3B1CB0013FC17 /* AppDelegate.swift */,
				0390075223C3B1CB0013FC17 /* SceneDelegate.swift */,
				0390075423C3B1CB0013FC17 /* ViewController.swift */,
				0354C5E023C658CB00D25A54 /* LaunchScreen.storyboard */,
				034E1D6E23C5548E00C5D908 /* View.swift */,
				0390075923C3B1CB0013FC17 /* Assets.xcassets */,
				0390075E23C3B1CB0013FC17 /* Info.plist */,
				0390076423C506B80013FC17 /* UIView Autolayout.swift */,
			);
			path = BullsEyeUIKit;
			sourceTree = "<group>";
		};
/* End PBXGroup section */

/* Begin PBXNativeTarget section */
		0390074C23C3B1CB0013FC17 /* BullsEyeUIKit */ = {
			isa = PBXNativeTarget;
			buildConfigurationList = 0390076123C3B1CB0013FC17 /* Build configuration list for PBXNativeTarget "BullsEyeUIKit" */;
			buildPhases = (
				0390074923C3B1CB0013FC17 /* Sources */,
				0390074A23C3B1CB0013FC17 /* Frameworks */,
				0390074B23C3B1CB0013FC17 /* Resources */,
			);
			buildRules = (
			);
			dependencies = (
			);
			name = BullsEyeUIKit;
			productName = BullsEyeUIKit;
			productReference = 0390074D23C3B1CB0013FC17 /* Bull's Eye.app */;
			productType = "com.apple.product-type.application";
		};
/* End PBXNativeTarget section */

/* Begin PBXProject section */
		0390074523C3B1CB0013FC17 /* Project object */ = {
			isa = PBXProject;
			attributes = {
				LastSwiftUpdateCheck = 1130;
				LastUpgradeCheck = 1130;
				ORGANIZATIONNAME = "Devin Lumley";
				TargetAttributes = {
					0390074C23C3B1CB0013FC17 = {
						CreatedOnToolsVersion = 11.3;
					};
				};
			};
			buildConfigurationList = 0390074823C3B1CB0013FC17 /* Build configuration list for PBXProject "BullsEyeUIKit" */;
			compatibilityVersion = "Xcode 9.3";
			developmentRegion = en;
			hasScannedForEncodings = 0;
			knownRegions = (
				en,
				Base,
			);
			mainGroup = 0390074423C3B1CB0013FC17;
			productRefGroup = 0390074E23C3B1CB0013FC17 /* Products */;
			projectDirPath = "";
			projectRoot = "";
			targets = (
				0390074C23C3B1CB0013FC17 /* BullsEyeUIKit */,
			);
		};
/* End PBXProject section */

/* Begin PBXResourcesBuildPhase section */
		0390074B23C3B1CB0013FC17 /* Resources */ = {
			isa = PBXResourcesBuildPhase;
			buildActionMask = 2147483647;
			files = (
				0354C5E123C658CB00D25A54 /* LaunchScreen.storyboard in Resources */,
				0390075A23C3B1CB0013FC17 /* Assets.xcassets in Resources */,
			);
			runOnlyForDeploymentPostprocessing = 0;
		};
/* End PBXResourcesBuildPhase section */

/* Begin PBXSourcesBuildPhase section */
		0390074923C3B1CB0013FC17 /* Sources */ = {
			isa = PBXSourcesBuildPhase;
			buildActionMask = 2147483647;
			files = (
				0390075523C3B1CB0013FC17 /* ViewController.swift in Sources */,
				0390075123C3B1CB0013FC17 /* AppDelegate.swift in Sources */,
				034E1D6F23C5548E00C5D908 /* View.swift in Sources */,
				0390076523C506B80013FC17 /* UIView Autolayout.swift in Sources */,
				0390075323C3B1CB0013FC17 /* SceneDelegate.swift in Sources */,
			);
			runOnlyForDeploymentPostprocessing = 0;
		};
/* End PBXSourcesBuildPhase section */

/* Begin XCBuildConfiguration section */
		0390075F23C3B1CB0013FC17 /* Debug */ = {
			isa = XCBuildConfiguration;
			buildSettings = {
				ALWAYS_SEARCH_USER_PATHS = NO;
				CLANG_ANALYZER_NONNULL = YES;
				CLANG_ANALYZER_NUMBER_OBJECT_CONVERSION = YES_AGGRESSIVE;
				CLANG_CXX_LANGUAGE_STANDARD = "gnu++14";
				CLANG_CXX_LIBRARY = "libc++";
				CLANG_ENABLE_MODULES = YES;
				CLANG_ENABLE_OBJC_ARC = YES;
				CLANG_ENABLE_OBJC_WEAK = YES;
				CLANG_WARN_BLOCK_CAPTURE_AUTORELEASING = YES;
				CLANG_WARN_BOOL_CONVERSION = YES;
				CLANG_WARN_COMMA = YES;
				CLANG_WARN_CONSTANT_CONVERSION = YES;
				CLANG_WARN_DEPRECATED_OBJC_IMPLEMENTATIONS = YES;
				CLANG_WARN_DIRECT_OBJC_ISA_USAGE = YES_ERROR;
				CLANG_WARN_DOCUMENTATION_COMMENTS = YES;
				CLANG_WARN_EMPTY_BODY = YES;
				CLANG_WARN_ENUM_CONVERSION = YES;
				CLANG_WARN_INFINITE_RECURSION = YES;
				CLANG_WARN_INT_CONVERSION = YES;
				CLANG_WARN_NON_LITERAL_NULL_CONVERSION = YES;
				CLANG_WARN_OBJC_IMPLICIT_RETAIN_SELF = YES;
				CLANG_WARN_OBJC_LITERAL_CONVERSION = YES;
				CLANG_WARN_OBJC_ROOT_CLASS = YES_ERROR;
				CLANG_WARN_RANGE_LOOP_ANALYSIS = YES;
				CLANG_WARN_STRICT_PROTOTYPES = YES;
				CLANG_WARN_SUSPICIOUS_MOVE = YES;
				CLANG_WARN_UNGUARDED_AVAILABILITY = YES_AGGRESSIVE;
				CLANG_WARN_UNREACHABLE_CODE = YES;
				CLANG_WARN__DUPLICATE_METHOD_MATCH = YES;
				COPY_PHASE_STRIP = NO;
				DEBUG_INFORMATION_FORMAT = dwarf;
				ENABLE_STRICT_OBJC_MSGSEND = YES;
				ENABLE_TESTABILITY = YES;
				GCC_C_LANGUAGE_STANDARD = gnu11;
				GCC_DYNAMIC_NO_PIC = NO;
				GCC_NO_COMMON_BLOCKS = YES;
				GCC_OPTIMIZATION_LEVEL = 0;
				GCC_PREPROCESSOR_DEFINITIONS = (
					"DEBUG=1",
					"$(inherited)",
				);
				GCC_WARN_64_TO_32_BIT_CONVERSION = YES;
				GCC_WARN_ABOUT_RETURN_TYPE = YES_ERROR;
				GCC_WARN_UNDECLARED_SELECTOR = YES;
				GCC_WARN_UNINITIALIZED_AUTOS = YES_AGGRESSIVE;
				GCC_WARN_UNUSED_FUNCTION = YES;
				GCC_WARN_UNUSED_VARIABLE = YES;
				IPHONEOS_DEPLOYMENT_TARGET = 13.2;
				MTL_ENABLE_DEBUG_INFO = INCLUDE_SOURCE;
				MTL_FAST_MATH = YES;
				ONLY_ACTIVE_ARCH = YES;
				SDKROOT = iphoneos;
				SWIFT_ACTIVE_COMPILATION_CONDITIONS = DEBUG;
				SWIFT_OPTIMIZATION_LEVEL = "-Onone";
			};
			name = Debug;
		};
		0390076023C3B1CB0013FC17 /* Release */ = {
			isa = XCBuildConfiguration;
			buildSettings = {
				ALWAYS_SEARCH_USER_PATHS = NO;
				CLANG_ANALYZER_NONNULL = YES;
				CLANG_ANALYZER_NUMBER_OBJECT_CONVERSION = YES_AGGRESSIVE;
				CLANG_CXX_LANGUAGE_STANDARD = "gnu++14";
				CLANG_CXX_LIBRARY = "libc++";
				CLANG_ENABLE_MODULES = YES;
				CLANG_ENABLE_OBJC_ARC = YES;
				CLANG_ENABLE_OBJC_WEAK = YES;
				CLANG_WARN_BLOCK_CAPTURE_AUTORELEASING = YES;
				CLANG_WARN_BOOL_CONVERSION = YES;
				CLANG_WARN_COMMA = YES;
				CLANG_WARN_CONSTANT_CONVERSION = YES;
				CLANG_WARN_DEPRECATED_OBJC_IMPLEMENTATIONS = YES;
				CLANG_WARN_DIRECT_OBJC_ISA_USAGE = YES_ERROR;
				CLANG_WARN_DOCUMENTATION_COMMENTS = YES;
				CLANG_WARN_EMPTY_BODY = YES;
				CLANG_WARN_ENUM_CONVERSION = YES;
				CLANG_WARN_INFINITE_RECURSION = YES;
				CLANG_WARN_INT_CONVERSION = YES;
				CLANG_WARN_NON_LITERAL_NULL_CONVERSION = YES;
				CLANG_WARN_OBJC_IMPLICIT_RETAIN_SELF = YES;
				CLANG_WARN_OBJC_LITERAL_CONVERSION = YES;
				CLANG_WARN_OBJC_ROOT_CLASS = YES_ERROR;
				CLANG_WARN_RANGE_LOOP_ANALYSIS = YES;
				CLANG_WARN_STRICT_PROTOTYPES = YES;
				CLANG_WARN_SUSPICIOUS_MOVE = YES;
				CLANG_WARN_UNGUARDED_AVAILABILITY = YES_AGGRESSIVE;
				CLANG_WARN_UNREACHABLE_CODE = YES;
				CLANG_WARN__DUPLICATE_METHOD_MATCH = YES;
				COPY_PHASE_STRIP = NO;
				DEBUG_INFORMATION_FORMAT = "dwarf-with-dsym";
				ENABLE_NS_ASSERTIONS = NO;
				ENABLE_STRICT_OBJC_MSGSEND = YES;
				GCC_C_LANGUAGE_STANDARD = gnu11;
				GCC_NO_COMMON_BLOCKS = YES;
				GCC_WARN_64_TO_32_BIT_CONVERSION = YES;
				GCC_WARN_ABOUT_RETURN_TYPE = YES_ERROR;
				GCC_WARN_UNDECLARED_SELECTOR = YES;
				GCC_WARN_UNINITIALIZED_AUTOS = YES_AGGRESSIVE;
				GCC_WARN_UNUSED_FUNCTION = YES;
				GCC_WARN_UNUSED_VARIABLE = YES;
				IPHONEOS_DEPLOYMENT_TARGET = 13.2;
				MTL_ENABLE_DEBUG_INFO = NO;
				MTL_FAST_MATH = YES;
				SDKROOT = iphoneos;
				SWIFT_COMPILATION_MODE = wholemodule;
				SWIFT_OPTIMIZATION_LEVEL = "-O";
				VALIDATE_PRODUCT = YES;
			};
			name = Release;
		};
		0390076223C3B1CB0013FC17 /* Debug */ = {
			isa = XCBuildConfiguration;
			buildSettings = {
				ASSETCATALOG_COMPILER_APPICON_NAME = AppIcon;
				CODE_SIGN_STYLE = Automatic;
				DEVELOPMENT_TEAM = 7WT7VXFV5R;
				INFOPLIST_FILE = BullsEyeUIKit/Info.plist;
				LD_RUNPATH_SEARCH_PATHS = (
					"$(inherited)",
					"@executable_path/Frameworks",
				);
				PRODUCT_BUNDLE_IDENTIFIER = com.devinlumley.BullsEyeUIKit;
				PRODUCT_NAME = "Bull's Eye";
				SWIFT_VERSION = 5.0;
				TARGETED_DEVICE_FAMILY = "1,2";
			};
			name = Debug;
		};
		0390076323C3B1CB0013FC17 /* Release */ = {
			isa = XCBuildConfiguration;
			buildSettings = {
				ASSETCATALOG_COMPILER_APPICON_NAME = AppIcon;
				CODE_SIGN_STYLE = Automatic;
				DEVELOPMENT_TEAM = 7WT7VXFV5R;
				INFOPLIST_FILE = BullsEyeUIKit/Info.plist;
				LD_RUNPATH_SEARCH_PATHS = (
					"$(inherited)",
					"@executable_path/Frameworks",
				);
				PRODUCT_BUNDLE_IDENTIFIER = com.devinlumley.BullsEyeUIKit;
				PRODUCT_NAME = "Bull's Eye";
				SWIFT_VERSION = 5.0;
				TARGETED_DEVICE_FAMILY = "1,2";
			};
			name = Release;
		};
/* End XCBuildConfiguration section */

/* Begin XCConfigurationList section */
		0390074823C3B1CB0013FC17 /* Build configuration list for PBXProject "BullsEyeUIKit" */ = {
			isa = XCConfigurationList;
			buildConfigurations = (
				0390075F23C3B1CB0013FC17 /* Debug */,
				0390076023C3B1CB0013FC17 /* Release */,
			);
			defaultConfigurationIsVisible = 0;
			defaultConfigurationName = Release;
		};
		0390076123C3B1CB0013FC17 /* Build configuration list for PBXNativeTarget "BullsEyeUIKit" */ = {
			isa = XCConfigurationList;
			buildConfigurations = (
				0390076223C3B1CB0013FC17 /* Debug */,
				0390076323C3B1CB0013FC17 /* Release */,
			);
			defaultConfigurationIsVisible = 0;
			defaultConfigurationName = Release;
		};
/* End XCConfigurationList section */
	};
	rootObject = 0390074523C3B1CB0013FC17 /* Project object */;
}
